
Microsoft Visual Studio Solution File, Format Version 12.00
# Visual Studio 15
VisualStudioVersion = 15.0.28010.2050
MinimumVisualStudioVersion = 10.0.40219.1
Project("{FAE04EC0-301F-11D3-BF4B-00C04F79EFBC}") = "OneArmedBandit", "OneArmedBandit\OneArmedBandit.csproj", "{D5CF5464-CAD5-4E61-89F0-0B3B76808785}"
EndProject
Global
	GlobalSection(SolutionConfigurationPlatforms) = preSolution
		Debug|Any CPU = Debug|Any CPU
		Release|Any CPU = Release|Any CPU
	EndGlobalSection
	GlobalSection(ProjectConfigurationPlatforms) = postSolution
		{D5CF5464-CAD5-4E61-89F0-0B3B76808785}.Debug|Any CPU.ActiveCfg = Debug|Any CPU
		{D5CF5464-CAD5-4E61-89F0-0B3B76808785}.Debug|Any CPU.Build.0 = Debug|Any CPU
		{D5CF5464-CAD5-4E61-89F0-0B3B76808785}.Release|Any CPU.ActiveCfg = Release|Any CPU
		{D5CF5464-CAD5-4E61-89F0-0B3B76808785}.Release|Any CPU.Build.0 = Release|Any CPU
	EndGlobalSection
	GlobalSection(SolutionProperties) = preSolution
		HideSolutionNode = FALSE
	EndGlobalSection
	GlobalSection(ExtensibilityGlobals) = postSolution
		SolutionGuid = {E0D9A218-C55B-4DAC-B69E-B790D7027149}
	EndGlobalSection
EndGlobal
